
Microsoft Visual Studio Solution File, Format Version 12.00
# Visual Studio Version 16
VisualStudioVersion = 16.0.32630.194
MinimumVisualStudioVersion = 10.0.40219.1
Project("{FAE04EC0-301F-11D3-BF4B-00C04F79EFBC}") = "ConversrTemperaturas", "ConversrTemperaturas\ConversrTemperaturas.csproj", "{0AC4AACC-2132-43AB-9F0F-D53C53F21366}"
EndProject
Global
	GlobalSection(SolutionConfigurationPlatforms) = preSolution
		Debug|Any CPU = Debug|Any CPU
		Release|Any CPU = Release|Any CPU
	EndGlobalSection
	GlobalSection(ProjectConfigurationPlatforms) = postSolution
		{0AC4AACC-2132-43AB-9F0F-D53C53F21366}.Debug|Any CPU.ActiveCfg = Debug|Any CPU
		{0AC4AACC-2132-43AB-9F0F-D53C53F21366}.Debug|Any CPU.Build.0 = Debug|Any CPU
		{0AC4AACC-2132-43AB-9F0F-D53C53F21366}.Release|Any CPU.ActiveCfg = Release|Any CPU
		{0AC4AACC-2132-43AB-9F0F-D53C53F21366}.Release|Any CPU.Build.0 = Release|Any CPU
	EndGlobalSection
	GlobalSection(SolutionProperties) = preSolution
		HideSolutionNode = FALSE
	EndGlobalSection
	GlobalSection(ExtensibilityGlobals) = postSolution
		SolutionGuid = {40D8FA70-7C30-4BB5-90EF-D4576916842A}
	EndGlobalSection
EndGlobal
